// !$*UTF8*$!
{
	archiveVersion = 1;
	classes = {
	};
	objectVersion = 56;
	objects = {

/* Begin PBXBuildFile section */
		2F64EA852A86B347006789D0 /* TestAppDelegate.swift in Sources */ = {isa = PBXBuildFile; fileRef = 2F64EA812A86B346006789D0 /* TestAppDelegate.swift */; };
		2F64EA882A86B36C006789D0 /* TestApp.swift in Sources */ = {isa = PBXBuildFile; fileRef = 2F64EA872A86B36C006789D0 /* TestApp.swift */; };
		2F64EA8B2A86B3DE006789D0 /* XCTestExtensions in Frameworks */ = {isa = PBXBuildFile; productRef = 2F64EA8A2A86B3DE006789D0 /* XCTestExtensions */; };
		2F6D139A28F5F386007C25D6 /* Assets.xcassets in Resources */ = {isa = PBXBuildFile; fileRef = 2F6D139928F5F386007C25D6 /* Assets.xcassets */; };
		2FA43E922AE057CA009B1B2C /* BluetoothManagerTests.swift in Sources */ = {isa = PBXBuildFile; fileRef = 2FA43E912AE057CA009B1B2C /* BluetoothManagerTests.swift */; };
		A91E672E2B75A500009A1E02 /* BluetoothViews in Frameworks */ = {isa = PBXBuildFile; productRef = A91E672D2B75A500009A1E02 /* BluetoothViews */; };
		A92802B72B5081F200874D0A /* SpeziBluetooth in Frameworks */ = {isa = PBXBuildFile; productRef = A92802B62B5081F200874D0A /* SpeziBluetooth */; };
		A92802B92B50823600874D0A /* BluetoothManagerView.swift in Sources */ = {isa = PBXBuildFile; fileRef = A92802B82B50823600874D0A /* BluetoothManagerView.swift */; };
		A92802BD2B51CBBE00874D0A /* DeviceRowView.swift in Sources */ = {isa = PBXBuildFile; fileRef = A92802BC2B51CBBE00874D0A /* DeviceRowView.swift */; };
		A93B82D42B78C20700C5DF3D /* BluetoothStateSection.swift in Sources */ = {isa = PBXBuildFile; fileRef = A93B82D32B78C20700C5DF3D /* BluetoothStateSection.swift */; };
		A93B82D62B78C2D100C5DF3D /* DeviceInformationView.swift in Sources */ = {isa = PBXBuildFile; fileRef = A93B82D52B78C2D100C5DF3D /* DeviceInformationView.swift */; };
		A93B82D82B78C31E00C5DF3D /* TestServiceView.swift in Sources */ = {isa = PBXBuildFile; fileRef = A93B82D72B78C31E00C5DF3D /* TestServiceView.swift */; };
		A93B82DA2B78D0D200C5DF3D /* TestDeviceView.swift in Sources */ = {isa = PBXBuildFile; fileRef = A93B82D92B78D0D200C5DF3D /* TestDeviceView.swift */; };
		A93B82DC2B79D67800C5DF3D /* SpeziBluetoothTests.swift in Sources */ = {isa = PBXBuildFile; fileRef = A93B82DB2B79D67800C5DF3D /* SpeziBluetoothTests.swift */; };
		A95542B42B5E3E210066646D /* BluetoothModuleView.swift in Sources */ = {isa = PBXBuildFile; fileRef = A95542B32B5E3E210066646D /* BluetoothModuleView.swift */; };
		A95542B92B5E3F490066646D /* SearchingNearbyDevicesView.swift in Sources */ = {isa = PBXBuildFile; fileRef = A95542B82B5E3F490066646D /* SearchingNearbyDevicesView.swift */; };
		A95542BD2B5E40DF0066646D /* TestDevice.swift in Sources */ = {isa = PBXBuildFile; fileRef = A95542BC2B5E40DF0066646D /* TestDevice.swift */; };
		A97851BF2B79E01D007BCBE3 /* BluetoothServices in Frameworks */ = {isa = PBXBuildFile; productRef = A97851BE2B79E01D007BCBE3 /* BluetoothServices */; };
		A9C17DEA2B5F1EAA00976924 /* BluetoothServices in Frameworks */ = {isa = PBXBuildFile; productRef = A9C17DE92B5F1EAA00976924 /* BluetoothServices */; };
/* End PBXBuildFile section */

/* Begin PBXContainerItemProxy section */
		2F6D13AD28F5F386007C25D6 /* PBXContainerItemProxy */ = {
			isa = PBXContainerItemProxy;
			containerPortal = 2F6D138A28F5F384007C25D6 /* Project object */;
			proxyType = 1;
			remoteGlobalIDString = 2F6D139128F5F384007C25D6;
			remoteInfo = Example;
		};
/* End PBXContainerItemProxy section */

/* Begin PBXCopyFilesBuildPhase section */
		2F9CBECE2A76C412009818FF /* Embed Watch Content */ = {
			isa = PBXCopyFilesBuildPhase;
			buildActionMask = 2147483647;
			dstPath = "$(CONTENTS_FOLDER_PATH)/Watch";
			dstSubfolderSpec = 16;
			files = (
			);
			name = "Embed Watch Content";
			runOnlyForDeploymentPostprocessing = 0;
		};
/* End PBXCopyFilesBuildPhase section */

/* Begin PBXFileReference section */
		2F64EA812A86B346006789D0 /* TestAppDelegate.swift */ = {isa = PBXFileReference; fileEncoding = 4; lastKnownFileType = sourcecode.swift; path = TestAppDelegate.swift; sourceTree = "<group>"; };
		2F64EA872A86B36C006789D0 /* TestApp.swift */ = {isa = PBXFileReference; fileEncoding = 4; lastKnownFileType = sourcecode.swift; path = TestApp.swift; sourceTree = "<group>"; };
		2F68C3C6292E9F8F00B3E12C /* SpeziBluetooth */ = {isa = PBXFileReference; lastKnownFileType = wrapper; name = SpeziBluetooth; path = ../..; sourceTree = "<group>"; };
		2F6D139228F5F384007C25D6 /* TestApp.app */ = {isa = PBXFileReference; explicitFileType = wrapper.application; includeInIndex = 0; path = TestApp.app; sourceTree = BUILT_PRODUCTS_DIR; };
		2F6D139928F5F386007C25D6 /* Assets.xcassets */ = {isa = PBXFileReference; lastKnownFileType = folder.assetcatalog; path = Assets.xcassets; sourceTree = "<group>"; };
		2F6D13AC28F5F386007C25D6 /* TestAppUITests.xctest */ = {isa = PBXFileReference; explicitFileType = wrapper.cfbundle; includeInIndex = 0; path = TestAppUITests.xctest; sourceTree = BUILT_PRODUCTS_DIR; };
		2FA43E912AE057CA009B1B2C /* BluetoothManagerTests.swift */ = {isa = PBXFileReference; fileEncoding = 4; lastKnownFileType = sourcecode.swift; path = BluetoothManagerTests.swift; sourceTree = "<group>"; };
		2FB0758A299DDB9000C0B37F /* TestApp.xctestplan */ = {isa = PBXFileReference; lastKnownFileType = text; path = TestApp.xctestplan; sourceTree = "<group>"; };
		A92802B82B50823600874D0A /* BluetoothManagerView.swift */ = {isa = PBXFileReference; lastKnownFileType = sourcecode.swift; path = BluetoothManagerView.swift; sourceTree = "<group>"; };
		A92802BA2B5085BE00874D0A /* Info.plist */ = {isa = PBXFileReference; lastKnownFileType = text.plist; path = Info.plist; sourceTree = "<group>"; };
		A92802BC2B51CBBE00874D0A /* DeviceRowView.swift */ = {isa = PBXFileReference; lastKnownFileType = sourcecode.swift; path = DeviceRowView.swift; sourceTree = "<group>"; };
		A93B82D32B78C20700C5DF3D /* BluetoothStateSection.swift */ = {isa = PBXFileReference; fileEncoding = 4; lastKnownFileType = sourcecode.swift; path = BluetoothStateSection.swift; sourceTree = "<group>"; };
		A93B82D52B78C2D100C5DF3D /* DeviceInformationView.swift */ = {isa = PBXFileReference; fileEncoding = 4; lastKnownFileType = sourcecode.swift; path = DeviceInformationView.swift; sourceTree = "<group>"; };
		A93B82D72B78C31E00C5DF3D /* TestServiceView.swift */ = {isa = PBXFileReference; fileEncoding = 4; lastKnownFileType = sourcecode.swift; path = TestServiceView.swift; sourceTree = "<group>"; };
		A93B82D92B78D0D200C5DF3D /* TestDeviceView.swift */ = {isa = PBXFileReference; lastKnownFileType = sourcecode.swift; path = TestDeviceView.swift; sourceTree = "<group>"; };
		A93B82DB2B79D67800C5DF3D /* SpeziBluetoothTests.swift */ = {isa = PBXFileReference; lastKnownFileType = sourcecode.swift; path = SpeziBluetoothTests.swift; sourceTree = "<group>"; };
		A95542B32B5E3E210066646D /* BluetoothModuleView.swift */ = {isa = PBXFileReference; lastKnownFileType = sourcecode.swift; path = BluetoothModuleView.swift; sourceTree = "<group>"; };
		A95542B82B5E3F490066646D /* SearchingNearbyDevicesView.swift */ = {isa = PBXFileReference; lastKnownFileType = sourcecode.swift; path = SearchingNearbyDevicesView.swift; sourceTree = "<group>"; };
		A95542BC2B5E40DF0066646D /* TestDevice.swift */ = {isa = PBXFileReference; lastKnownFileType = sourcecode.swift; path = TestDevice.swift; sourceTree = "<group>"; };
/* End PBXFileReference section */

/* Begin PBXFrameworksBuildPhase section */
		2F6D138F28F5F384007C25D6 /* Frameworks */ = {
			isa = PBXFrameworksBuildPhase;
			buildActionMask = 2147483647;
			files = (
				A92802B72B5081F200874D0A /* SpeziBluetooth in Frameworks */,
				A91E672E2B75A500009A1E02 /* BluetoothViews in Frameworks */,
				A9C17DEA2B5F1EAA00976924 /* BluetoothServices in Frameworks */,
			);
			runOnlyForDeploymentPostprocessing = 0;
		};
		2F6D13A928F5F386007C25D6 /* Frameworks */ = {
			isa = PBXFrameworksBuildPhase;
			buildActionMask = 2147483647;
			files = (
				2F64EA8B2A86B3DE006789D0 /* XCTestExtensions in Frameworks */,
				A97851BF2B79E01D007BCBE3 /* BluetoothServices in Frameworks */,
			);
			runOnlyForDeploymentPostprocessing = 0;
		};
/* End PBXFrameworksBuildPhase section */

/* Begin PBXGroup section */
		2F6D138928F5F384007C25D6 = {
			isa = PBXGroup;
			children = (
				2FB0758A299DDB9000C0B37F /* TestApp.xctestplan */,
				2F68C3C6292E9F8F00B3E12C /* SpeziBluetooth */,
				2F6D139428F5F384007C25D6 /* TestApp */,
				2F6D13AF28F5F386007C25D6 /* TestAppUITests */,
				2F6D139328F5F384007C25D6 /* Products */,
				2F6D13C228F5F3BE007C25D6 /* Frameworks */,
			);
			sourceTree = "<group>";
		};
		2F6D139328F5F384007C25D6 /* Products */ = {
			isa = PBXGroup;
			children = (
				2F6D139228F5F384007C25D6 /* TestApp.app */,
				2F6D13AC28F5F386007C25D6 /* TestAppUITests.xctest */,
			);
			name = Products;
			sourceTree = "<group>";
		};
		2F6D139428F5F384007C25D6 /* TestApp */ = {
			isa = PBXGroup;
			children = (
				A95542B72B5E3F260066646D /* Views */,
				A92802BA2B5085BE00874D0A /* Info.plist */,
				A92802B82B50823600874D0A /* BluetoothManagerView.swift */,
				A95542B32B5E3E210066646D /* BluetoothModuleView.swift */,
				2F64EA872A86B36C006789D0 /* TestApp.swift */,
				2F64EA812A86B346006789D0 /* TestAppDelegate.swift */,
				A95542BC2B5E40DF0066646D /* TestDevice.swift */,
				2F6D139928F5F386007C25D6 /* Assets.xcassets */,
				A93B82D92B78D0D200C5DF3D /* TestDeviceView.swift */,
			);
			path = TestApp;
			sourceTree = "<group>";
		};
		2F6D13AF28F5F386007C25D6 /* TestAppUITests */ = {
			isa = PBXGroup;
			children = (
				2FA43E912AE057CA009B1B2C /* BluetoothManagerTests.swift */,
				A93B82DB2B79D67800C5DF3D /* SpeziBluetoothTests.swift */,
			);
			path = TestAppUITests;
			sourceTree = "<group>";
		};
		2F6D13C228F5F3BE007C25D6 /* Frameworks */ = {
			isa = PBXGroup;
			children = (
			);
			name = Frameworks;
			sourceTree = "<group>";
		};
		A95542B72B5E3F260066646D /* Views */ = {
			isa = PBXGroup;
			children = (
				A93B82D72B78C31E00C5DF3D /* TestServiceView.swift */,
				A93B82D52B78C2D100C5DF3D /* DeviceInformationView.swift */,
				A93B82D32B78C20700C5DF3D /* BluetoothStateSection.swift */,
				A92802BC2B51CBBE00874D0A /* DeviceRowView.swift */,
				A95542B82B5E3F490066646D /* SearchingNearbyDevicesView.swift */,
			);
			path = Views;
			sourceTree = "<group>";
		};
/* End PBXGroup section */

/* Begin PBXNativeTarget section */
		2F6D139128F5F384007C25D6 /* TestApp */ = {
			isa = PBXNativeTarget;
			buildConfigurationList = 2F6D13B628F5F386007C25D6 /* Build configuration list for PBXNativeTarget "TestApp" */;
			buildPhases = (
				2F6D138E28F5F384007C25D6 /* Sources */,
				2F6D138F28F5F384007C25D6 /* Frameworks */,
				2F6D139028F5F384007C25D6 /* Resources */,
				2F9CBECE2A76C412009818FF /* Embed Watch Content */,
			);
			buildRules = (
			);
			dependencies = (
			);
			name = TestApp;
			packageProductDependencies = (
				A92802B62B5081F200874D0A /* SpeziBluetooth */,
				A9C17DE92B5F1EAA00976924 /* BluetoothServices */,
				A91E672D2B75A500009A1E02 /* BluetoothViews */,
			);
			productName = Example;
			productReference = 2F6D139228F5F384007C25D6 /* TestApp.app */;
			productType = "com.apple.product-type.application";
		};
		2F6D13AB28F5F386007C25D6 /* TestAppUITests */ = {
			isa = PBXNativeTarget;
			buildConfigurationList = 2F6D13BC28F5F386007C25D6 /* Build configuration list for PBXNativeTarget "TestAppUITests" */;
			buildPhases = (
				2F6D13A828F5F386007C25D6 /* Sources */,
				2F6D13A928F5F386007C25D6 /* Frameworks */,
				2F6D13AA28F5F386007C25D6 /* Resources */,
			);
			buildRules = (
			);
			dependencies = (
				2F6D13AE28F5F386007C25D6 /* PBXTargetDependency */,
			);
			name = TestAppUITests;
			packageProductDependencies = (
				2F64EA8A2A86B3DE006789D0 /* XCTestExtensions */,
				A97851BE2B79E01D007BCBE3 /* BluetoothServices */,
			);
			productName = ExampleUITests;
			productReference = 2F6D13AC28F5F386007C25D6 /* TestAppUITests.xctest */;
			productType = "com.apple.product-type.bundle.ui-testing";
		};
/* End PBXNativeTarget section */

/* Begin PBXProject section */
		2F6D138A28F5F384007C25D6 /* Project object */ = {
			isa = PBXProject;
			attributes = {
				BuildIndependentTargetsInParallel = 1;
				LastSwiftUpdateCheck = 1500;
				LastUpgradeCheck = 1520;
				TargetAttributes = {
					2F6D139128F5F384007C25D6 = {
						CreatedOnToolsVersion = 14.1;
					};
					2F6D13AB28F5F386007C25D6 = {
						CreatedOnToolsVersion = 14.1;
						TestTargetID = 2F6D139128F5F384007C25D6;
					};
				};
			};
			buildConfigurationList = 2F6D138D28F5F384007C25D6 /* Build configuration list for PBXProject "UITests" */;
			compatibilityVersion = "Xcode 14.0";
			developmentRegion = en;
			hasScannedForEncodings = 0;
			knownRegions = (
				en,
				Base,
			);
			mainGroup = 2F6D138928F5F384007C25D6;
			packageReferences = (
				2F64EA892A86B3DE006789D0 /* XCRemoteSwiftPackageReference "XCTestExtensions" */,
			);
			productRefGroup = 2F6D139328F5F384007C25D6 /* Products */;
			projectDirPath = "";
			projectRoot = "";
			targets = (
				2F6D139128F5F384007C25D6 /* TestApp */,
				2F6D13AB28F5F386007C25D6 /* TestAppUITests */,
			);
		};
/* End PBXProject section */

/* Begin PBXResourcesBuildPhase section */
		2F6D139028F5F384007C25D6 /* Resources */ = {
			isa = PBXResourcesBuildPhase;
			buildActionMask = 2147483647;
			files = (
				2F6D139A28F5F386007C25D6 /* Assets.xcassets in Resources */,
			);
			runOnlyForDeploymentPostprocessing = 0;
		};
		2F6D13AA28F5F386007C25D6 /* Resources */ = {
			isa = PBXResourcesBuildPhase;
			buildActionMask = 2147483647;
			files = (
			);
			runOnlyForDeploymentPostprocessing = 0;
		};
/* End PBXResourcesBuildPhase section */

/* Begin PBXSourcesBuildPhase section */
		2F6D138E28F5F384007C25D6 /* Sources */ = {
			isa = PBXSourcesBuildPhase;
			buildActionMask = 2147483647;
			files = (
				A93B82D82B78C31E00C5DF3D /* TestServiceView.swift in Sources */,
				A93B82DA2B78D0D200C5DF3D /* TestDeviceView.swift in Sources */,
				A95542B92B5E3F490066646D /* SearchingNearbyDevicesView.swift in Sources */,
				2F64EA852A86B347006789D0 /* TestAppDelegate.swift in Sources */,
				A93B82D42B78C20700C5DF3D /* BluetoothStateSection.swift in Sources */,
				A93B82D62B78C2D100C5DF3D /* DeviceInformationView.swift in Sources */,
				A95542BD2B5E40DF0066646D /* TestDevice.swift in Sources */,
				A92802BD2B51CBBE00874D0A /* DeviceRowView.swift in Sources */,
				A92802B92B50823600874D0A /* BluetoothManagerView.swift in Sources */,
				2F64EA882A86B36C006789D0 /* TestApp.swift in Sources */,
				A95542B42B5E3E210066646D /* BluetoothModuleView.swift in Sources */,
			);
			runOnlyForDeploymentPostprocessing = 0;
		};
		2F6D13A828F5F386007C25D6 /* Sources */ = {
			isa = PBXSourcesBuildPhase;
			buildActionMask = 2147483647;
			files = (
				A93B82DC2B79D67800C5DF3D /* SpeziBluetoothTests.swift in Sources */,
				2FA43E922AE057CA009B1B2C /* BluetoothManagerTests.swift in Sources */,
			);
			runOnlyForDeploymentPostprocessing = 0;
		};
/* End PBXSourcesBuildPhase section */

/* Begin PBXTargetDependency section */
		2F6D13AE28F5F386007C25D6 /* PBXTargetDependency */ = {
			isa = PBXTargetDependency;
			platformFilters = (
				ios,
				maccatalyst,
			);
			target = 2F6D139128F5F384007C25D6 /* TestApp */;
			targetProxy = 2F6D13AD28F5F386007C25D6 /* PBXContainerItemProxy */;
		};
/* End PBXTargetDependency section */

/* Begin XCBuildConfiguration section */
		2F6D13B428F5F386007C25D6 /* Debug */ = {
			isa = XCBuildConfiguration;
			buildSettings = {
				ALWAYS_SEARCH_USER_PATHS = NO;
				ASSETCATALOG_COMPILER_GENERATE_SWIFT_ASSET_SYMBOL_EXTENSIONS = YES;
				CLANG_ANALYZER_NONNULL = YES;
				CLANG_ANALYZER_NUMBER_OBJECT_CONVERSION = YES_AGGRESSIVE;
				CLANG_CXX_LANGUAGE_STANDARD = "gnu++20";
				CLANG_ENABLE_MODULES = YES;
				CLANG_ENABLE_OBJC_ARC = YES;
				CLANG_ENABLE_OBJC_WEAK = YES;
				CLANG_WARN_BLOCK_CAPTURE_AUTORELEASING = YES;
				CLANG_WARN_BOOL_CONVERSION = YES;
				CLANG_WARN_COMMA = YES;
				CLANG_WARN_CONSTANT_CONVERSION = YES;
				CLANG_WARN_DEPRECATED_OBJC_IMPLEMENTATIONS = YES;
				CLANG_WARN_DIRECT_OBJC_ISA_USAGE = YES_ERROR;
				CLANG_WARN_DOCUMENTATION_COMMENTS = YES;
				CLANG_WARN_EMPTY_BODY = YES;
				CLANG_WARN_ENUM_CONVERSION = YES;
				CLANG_WARN_INFINITE_RECURSION = YES;
				CLANG_WARN_INT_CONVERSION = YES;
				CLANG_WARN_NON_LITERAL_NULL_CONVERSION = YES;
				CLANG_WARN_OBJC_IMPLICIT_RETAIN_SELF = YES;
				CLANG_WARN_OBJC_LITERAL_CONVERSION = YES;
				CLANG_WARN_OBJC_ROOT_CLASS = YES_ERROR;
				CLANG_WARN_QUOTED_INCLUDE_IN_FRAMEWORK_HEADER = YES;
				CLANG_WARN_RANGE_LOOP_ANALYSIS = YES;
				CLANG_WARN_STRICT_PROTOTYPES = YES;
				CLANG_WARN_SUSPICIOUS_MOVE = YES;
				CLANG_WARN_UNGUARDED_AVAILABILITY = YES_AGGRESSIVE;
				CLANG_WARN_UNREACHABLE_CODE = YES;
				CLANG_WARN__DUPLICATE_METHOD_MATCH = YES;
				COPY_PHASE_STRIP = NO;
				DEBUG_INFORMATION_FORMAT = dwarf;
				ENABLE_STRICT_OBJC_MSGSEND = YES;
				ENABLE_TESTABILITY = YES;
				GCC_C_LANGUAGE_STANDARD = gnu11;
				GCC_DYNAMIC_NO_PIC = NO;
				GCC_NO_COMMON_BLOCKS = YES;
				GCC_OPTIMIZATION_LEVEL = 0;
				GCC_PREPROCESSOR_DEFINITIONS = (
					"DEBUG=1",
					"$(inherited)",
				);
				GCC_WARN_64_TO_32_BIT_CONVERSION = YES;
				GCC_WARN_ABOUT_RETURN_TYPE = YES_ERROR;
				GCC_WARN_UNDECLARED_SELECTOR = YES;
				GCC_WARN_UNINITIALIZED_AUTOS = YES_AGGRESSIVE;
				GCC_WARN_UNUSED_FUNCTION = YES;
				GCC_WARN_UNUSED_VARIABLE = YES;
				IPHONEOS_DEPLOYMENT_TARGET = 17.0;
				MACOSX_DEPLOYMENT_TARGET = 14.0;
				MTL_ENABLE_DEBUG_INFO = INCLUDE_SOURCE;
				MTL_FAST_MATH = YES;
				ONLY_ACTIVE_ARCH = YES;
				SDKROOT = iphoneos;
				SWIFT_ACTIVE_COMPILATION_CONDITIONS = DEBUG;
				SWIFT_OPTIMIZATION_LEVEL = "-Onone";
				XROS_DEPLOYMENT_TARGET = 1.0;
			};
			name = Debug;
		};
		2F6D13B528F5F386007C25D6 /* Release */ = {
			isa = XCBuildConfiguration;
			buildSettings = {
				ALWAYS_SEARCH_USER_PATHS = NO;
				ASSETCATALOG_COMPILER_GENERATE_SWIFT_ASSET_SYMBOL_EXTENSIONS = YES;
				CLANG_ANALYZER_NONNULL = YES;
				CLANG_ANALYZER_NUMBER_OBJECT_CONVERSION = YES_AGGRESSIVE;
				CLANG_CXX_LANGUAGE_STANDARD = "gnu++20";
				CLANG_ENABLE_MODULES = YES;
				CLANG_ENABLE_OBJC_ARC = YES;
				CLANG_ENABLE_OBJC_WEAK = YES;
				CLANG_WARN_BLOCK_CAPTURE_AUTORELEASING = YES;
				CLANG_WARN_BOOL_CONVERSION = YES;
				CLANG_WARN_COMMA = YES;
				CLANG_WARN_CONSTANT_CONVERSION = YES;
				CLANG_WARN_DEPRECATED_OBJC_IMPLEMENTATIONS = YES;
				CLANG_WARN_DIRECT_OBJC_ISA_USAGE = YES_ERROR;
				CLANG_WARN_DOCUMENTATION_COMMENTS = YES;
				CLANG_WARN_EMPTY_BODY = YES;
				CLANG_WARN_ENUM_CONVERSION = YES;
				CLANG_WARN_INFINITE_RECURSION = YES;
				CLANG_WARN_INT_CONVERSION = YES;
				CLANG_WARN_NON_LITERAL_NULL_CONVERSION = YES;
				CLANG_WARN_OBJC_IMPLICIT_RETAIN_SELF = YES;
				CLANG_WARN_OBJC_LITERAL_CONVERSION = YES;
				CLANG_WARN_OBJC_ROOT_CLASS = YES_ERROR;
				CLANG_WARN_QUOTED_INCLUDE_IN_FRAMEWORK_HEADER = YES;
				CLANG_WARN_RANGE_LOOP_ANALYSIS = YES;
				CLANG_WARN_STRICT_PROTOTYPES = YES;
				CLANG_WARN_SUSPICIOUS_MOVE = YES;
				CLANG_WARN_UNGUARDED_AVAILABILITY = YES_AGGRESSIVE;
				CLANG_WARN_UNREACHABLE_CODE = YES;
				CLANG_WARN__DUPLICATE_METHOD_MATCH = YES;
				COPY_PHASE_STRIP = NO;
				DEBUG_INFORMATION_FORMAT = "dwarf-with-dsym";
				ENABLE_NS_ASSERTIONS = NO;
				ENABLE_STRICT_OBJC_MSGSEND = YES;
				GCC_C_LANGUAGE_STANDARD = gnu11;
				GCC_NO_COMMON_BLOCKS = YES;
				GCC_WARN_64_TO_32_BIT_CONVERSION = YES;
				GCC_WARN_ABOUT_RETURN_TYPE = YES_ERROR;
				GCC_WARN_UNDECLARED_SELECTOR = YES;
				GCC_WARN_UNINITIALIZED_AUTOS = YES_AGGRESSIVE;
				GCC_WARN_UNUSED_FUNCTION = YES;
				GCC_WARN_UNUSED_VARIABLE = YES;
				IPHONEOS_DEPLOYMENT_TARGET = 17.0;
				MACOSX_DEPLOYMENT_TARGET = 14.0;
				MTL_ENABLE_DEBUG_INFO = NO;
				MTL_FAST_MATH = YES;
				SDKROOT = iphoneos;
				SWIFT_COMPILATION_MODE = wholemodule;
				SWIFT_OPTIMIZATION_LEVEL = "-O";
				VALIDATE_PRODUCT = YES;
				XROS_DEPLOYMENT_TARGET = 1.0;
			};
			name = Release;
		};
		2F6D13B728F5F386007C25D6 /* Debug */ = {
			isa = XCBuildConfiguration;
			buildSettings = {
				ALWAYS_EMBED_SWIFT_STANDARD_LIBRARIES = YES;
				ASSETCATALOG_COMPILER_APPICON_NAME = AppIcon;
				ASSETCATALOG_COMPILER_GLOBAL_ACCENT_COLOR_NAME = AccentColor;
				CODE_SIGN_STYLE = Automatic;
				CURRENT_PROJECT_VERSION = 1;
				DEVELOPMENT_ASSET_PATHS = "";
				DEVELOPMENT_TEAM = 637867499T;
				ENABLE_HARDENED_RUNTIME = NO;
				ENABLE_PREVIEWS = YES;
				ENABLE_TESTING_SEARCH_PATHS = YES;
				GENERATE_INFOPLIST_FILE = YES;
				INFOPLIST_FILE = TestApp/Info.plist;
				INFOPLIST_KEY_NSBluetoothAlwaysUsageDescription = "This App uses Bluetooth to connect to nearby devices.";
				INFOPLIST_KEY_UIApplicationSceneManifest_Generation = YES;
				INFOPLIST_KEY_UIApplicationSupportsIndirectInputEvents = YES;
				INFOPLIST_KEY_UILaunchScreen_Generation = YES;
				INFOPLIST_KEY_UISupportedInterfaceOrientations_iPad = "UIInterfaceOrientationPortrait UIInterfaceOrientationPortraitUpsideDown UIInterfaceOrientationLandscapeLeft UIInterfaceOrientationLandscapeRight";
				INFOPLIST_KEY_UISupportedInterfaceOrientations_iPhone = "UIInterfaceOrientationPortrait UIInterfaceOrientationLandscapeLeft UIInterfaceOrientationLandscapeRight";
				LD_RUNPATH_SEARCH_PATHS = (
					"$(inherited)",
					"@executable_path/Frameworks",
				);
				MACOSX_DEPLOYMENT_TARGET = 13.0;
				MARKETING_VERSION = 1.0;
				PRODUCT_BUNDLE_IDENTIFIER = edu.stanford.spezi.bluetooth.testapplication;
				PRODUCT_NAME = "$(TARGET_NAME)";
				SUPPORTED_PLATFORMS = "iphoneos iphonesimulator xros xrsimulator";
				SUPPORTS_MACCATALYST = YES;
				SUPPORTS_MAC_DESIGNED_FOR_IPHONE_IPAD = YES;
				SUPPORTS_XR_DESIGNED_FOR_IPHONE_IPAD = NO;
				SWIFT_EMIT_LOC_STRINGS = YES;
				SWIFT_STRICT_CONCURRENCY = complete;
				SWIFT_VERSION = 5.0;
				TARGETED_DEVICE_FAMILY = "1,2,7";
			};
			name = Debug;
		};
		2F6D13B828F5F386007C25D6 /* Release */ = {
			isa = XCBuildConfiguration;
			buildSettings = {
				ALWAYS_EMBED_SWIFT_STANDARD_LIBRARIES = YES;
				ASSETCATALOG_COMPILER_APPICON_NAME = AppIcon;
				ASSETCATALOG_COMPILER_GLOBAL_ACCENT_COLOR_NAME = AccentColor;
				"CODE_SIGN_IDENTITY[sdk=macosx*]" = "Apple Distribution";
				CODE_SIGN_STYLE = Manual;
				CURRENT_PROJECT_VERSION = 1;
				DEVELOPMENT_ASSET_PATHS = "";
				DEVELOPMENT_TEAM = "";
				"DEVELOPMENT_TEAM[sdk=macosx*]" = 637867499T;
				ENABLE_HARDENED_RUNTIME = NO;
				ENABLE_PREVIEWS = YES;
				ENABLE_TESTING_SEARCH_PATHS = YES;
				GENERATE_INFOPLIST_FILE = YES;
				INFOPLIST_FILE = TestApp/Info.plist;
				INFOPLIST_KEY_NSBluetoothAlwaysUsageDescription = "This App uses Bluetooth to connect to nearby devices.";
				INFOPLIST_KEY_UIApplicationSceneManifest_Generation = YES;
				INFOPLIST_KEY_UIApplicationSupportsIndirectInputEvents = YES;
				INFOPLIST_KEY_UILaunchScreen_Generation = YES;
				INFOPLIST_KEY_UISupportedInterfaceOrientations_iPad = "UIInterfaceOrientationPortrait UIInterfaceOrientationPortraitUpsideDown UIInterfaceOrientationLandscapeLeft UIInterfaceOrientationLandscapeRight";
				INFOPLIST_KEY_UISupportedInterfaceOrientations_iPhone = "UIInterfaceOrientationPortrait UIInterfaceOrientationLandscapeLeft UIInterfaceOrientationLandscapeRight";
				LD_RUNPATH_SEARCH_PATHS = (
					"$(inherited)",
					"@executable_path/Frameworks",
				);
				MACOSX_DEPLOYMENT_TARGET = 13.0;
				MARKETING_VERSION = 1.0;
				PRODUCT_BUNDLE_IDENTIFIER = edu.stanford.spezi.bluetooth.testapplication;
				PRODUCT_NAME = "$(TARGET_NAME)";
				PROVISIONING_PROFILE_SPECIFIER = "";
				"PROVISIONING_PROFILE_SPECIFIER[sdk=macosx*]" = "Stanford Spezi Bluetooth TestApp";
				SUPPORTED_PLATFORMS = "iphoneos iphonesimulator xros xrsimulator";
				SUPPORTS_MACCATALYST = YES;
				SUPPORTS_MAC_DESIGNED_FOR_IPHONE_IPAD = YES;
				SUPPORTS_XR_DESIGNED_FOR_IPHONE_IPAD = NO;
				SWIFT_EMIT_LOC_STRINGS = YES;
				SWIFT_STRICT_CONCURRENCY = complete;
				SWIFT_VERSION = 5.0;
				TARGETED_DEVICE_FAMILY = "1,2,7";
			};
			name = Release;
		};
		2F6D13BD28F5F386007C25D6 /* Debug */ = {
			isa = XCBuildConfiguration;
			buildSettings = {
				ALWAYS_EMBED_SWIFT_STANDARD_LIBRARIES = YES;
				CODE_SIGN_STYLE = Automatic;
				CURRENT_PROJECT_VERSION = 1;
				DEVELOPMENT_TEAM = 637867499T;
				GENERATE_INFOPLIST_FILE = YES;
				MACOSX_DEPLOYMENT_TARGET = 13.0;
				MARKETING_VERSION = 1.0;
				PRODUCT_BUNDLE_IDENTIFIER = edu.stanford.spezi.bluetooth.testapplication.xctrunner;
				PRODUCT_NAME = "$(TARGET_NAME)";
				PROVISIONING_PROFILE = "";
				SUPPORTED_PLATFORMS = "iphoneos iphonesimulator";
				SUPPORTS_MACCATALYST = YES;
				SUPPORTS_MAC_DESIGNED_FOR_IPHONE_IPAD = YES;
				SUPPORTS_XR_DESIGNED_FOR_IPHONE_IPAD = NO;
				SWIFT_EMIT_LOC_STRINGS = NO;
				SWIFT_VERSION = 5.0;
				TARGETED_DEVICE_FAMILY = "1,2";
				TEST_TARGET_NAME = TestApp;
			};
			name = Debug;
		};
		2F6D13BE28F5F386007C25D6 /* Release */ = {
			isa = XCBuildConfiguration;
			buildSettings = {
				ALWAYS_EMBED_SWIFT_STANDARD_LIBRARIES = YES;
				"CODE_SIGN_IDENTITY[sdk=macosx*]" = "Apple Distribution";
				CODE_SIGN_STYLE = Manual;
				CURRENT_PROJECT_VERSION = 1;
				DEVELOPMENT_TEAM = "";
				"DEVELOPMENT_TEAM[sdk=macosx*]" = 637867499T;
				GENERATE_INFOPLIST_FILE = YES;
				MACOSX_DEPLOYMENT_TARGET = 13.0;
				MARKETING_VERSION = 1.0;
				PRODUCT_BUNDLE_IDENTIFIER = edu.stanford.spezi.bluetooth.testapplication;
				PRODUCT_NAME = "$(TARGET_NAME)";
				PROVISIONING_PROFILE = "";
				PROVISIONING_PROFILE_SPECIFIER = "";
				"PROVISIONING_PROFILE_SPECIFIER[sdk=macosx*]" = "Stanford Spezi Bluetooth UITests";
				SUPPORTED_PLATFORMS = "iphoneos iphonesimulator";
				SUPPORTS_MACCATALYST = YES;
				SUPPORTS_MAC_DESIGNED_FOR_IPHONE_IPAD = YES;
				SUPPORTS_XR_DESIGNED_FOR_IPHONE_IPAD = NO;
				SWIFT_EMIT_LOC_STRINGS = NO;
				SWIFT_VERSION = 5.0;
				TARGETED_DEVICE_FAMILY = "1,2";
				TEST_TARGET_NAME = TestApp;
			};
			name = Release;
		};
		2FB07587299DDB6000C0B37F /* Test */ = {
			isa = XCBuildConfiguration;
			buildSettings = {
				ALWAYS_SEARCH_USER_PATHS = NO;
				ASSETCATALOG_COMPILER_GENERATE_SWIFT_ASSET_SYMBOL_EXTENSIONS = YES;
				CLANG_ANALYZER_NONNULL = YES;
				CLANG_ANALYZER_NUMBER_OBJECT_CONVERSION = YES_AGGRESSIVE;
				CLANG_CXX_LANGUAGE_STANDARD = "gnu++20";
				CLANG_ENABLE_MODULES = YES;
				CLANG_ENABLE_OBJC_ARC = YES;
				CLANG_ENABLE_OBJC_WEAK = YES;
				CLANG_WARN_BLOCK_CAPTURE_AUTORELEASING = YES;
				CLANG_WARN_BOOL_CONVERSION = YES;
				CLANG_WARN_COMMA = YES;
				CLANG_WARN_CONSTANT_CONVERSION = YES;
				CLANG_WARN_DEPRECATED_OBJC_IMPLEMENTATIONS = YES;
				CLANG_WARN_DIRECT_OBJC_ISA_USAGE = YES_ERROR;
				CLANG_WARN_DOCUMENTATION_COMMENTS = YES;
				CLANG_WARN_EMPTY_BODY = YES;
				CLANG_WARN_ENUM_CONVERSION = YES;
				CLANG_WARN_INFINITE_RECURSION = YES;
				CLANG_WARN_INT_CONVERSION = YES;
				CLANG_WARN_NON_LITERAL_NULL_CONVERSION = YES;
				CLANG_WARN_OBJC_IMPLICIT_RETAIN_SELF = YES;
				CLANG_WARN_OBJC_LITERAL_CONVERSION = YES;
				CLANG_WARN_OBJC_ROOT_CLASS = YES_ERROR;
				CLANG_WARN_QUOTED_INCLUDE_IN_FRAMEWORK_HEADER = YES;
				CLANG_WARN_RANGE_LOOP_ANALYSIS = YES;
				CLANG_WARN_STRICT_PROTOTYPES = YES;
				CLANG_WARN_SUSPICIOUS_MOVE = YES;
				CLANG_WARN_UNGUARDED_AVAILABILITY = YES_AGGRESSIVE;
				CLANG_WARN_UNREACHABLE_CODE = YES;
				CLANG_WARN__DUPLICATE_METHOD_MATCH = YES;
				COPY_PHASE_STRIP = NO;
				DEBUG_INFORMATION_FORMAT = dwarf;
				ENABLE_STRICT_OBJC_MSGSEND = YES;
				ENABLE_TESTABILITY = YES;
				GCC_C_LANGUAGE_STANDARD = gnu11;
				GCC_DYNAMIC_NO_PIC = NO;
				GCC_NO_COMMON_BLOCKS = YES;
				GCC_OPTIMIZATION_LEVEL = 0;
				GCC_PREPROCESSOR_DEFINITIONS = (
					"DEBUG=1",
					"$(inherited)",
				);
				GCC_WARN_64_TO_32_BIT_CONVERSION = YES;
				GCC_WARN_ABOUT_RETURN_TYPE = YES_ERROR;
				GCC_WARN_UNDECLARED_SELECTOR = YES;
				GCC_WARN_UNINITIALIZED_AUTOS = YES_AGGRESSIVE;
				GCC_WARN_UNUSED_FUNCTION = YES;
				GCC_WARN_UNUSED_VARIABLE = YES;
				IPHONEOS_DEPLOYMENT_TARGET = 17.0;
				MACOSX_DEPLOYMENT_TARGET = 14.0;
				MTL_ENABLE_DEBUG_INFO = INCLUDE_SOURCE;
				MTL_FAST_MATH = YES;
				ONLY_ACTIVE_ARCH = YES;
				SDKROOT = iphoneos;
				SWIFT_ACTIVE_COMPILATION_CONDITIONS = TEST;
				SWIFT_OPTIMIZATION_LEVEL = "-Onone";
				XROS_DEPLOYMENT_TARGET = 1.0;
			};
			name = Test;
		};
		2FB07588299DDB6000C0B37F /* Test */ = {
			isa = XCBuildConfiguration;
			buildSettings = {
				ALWAYS_EMBED_SWIFT_STANDARD_LIBRARIES = YES;
				ASSETCATALOG_COMPILER_APPICON_NAME = AppIcon;
				ASSETCATALOG_COMPILER_GLOBAL_ACCENT_COLOR_NAME = AccentColor;
				"CODE_SIGN_IDENTITY[sdk=macosx*]" = "Apple Distribution";
				CODE_SIGN_STYLE = Manual;
				CURRENT_PROJECT_VERSION = 1;
				DEVELOPMENT_ASSET_PATHS = "";
				DEVELOPMENT_TEAM = "";
				"DEVELOPMENT_TEAM[sdk=macosx*]" = 637867499T;
				ENABLE_HARDENED_RUNTIME = NO;
				ENABLE_PREVIEWS = YES;
				ENABLE_TESTING_SEARCH_PATHS = YES;
				GENERATE_INFOPLIST_FILE = YES;
				INFOPLIST_FILE = TestApp/Info.plist;
				INFOPLIST_KEY_NSBluetoothAlwaysUsageDescription = "This App uses Bluetooth to connect to nearby devices.";
				INFOPLIST_KEY_UIApplicationSceneManifest_Generation = YES;
				INFOPLIST_KEY_UIApplicationSupportsIndirectInputEvents = YES;
				INFOPLIST_KEY_UILaunchScreen_Generation = YES;
				INFOPLIST_KEY_UISupportedInterfaceOrientations_iPad = "UIInterfaceOrientationPortrait UIInterfaceOrientationPortraitUpsideDown UIInterfaceOrientationLandscapeLeft UIInterfaceOrientationLandscapeRight";
				INFOPLIST_KEY_UISupportedInterfaceOrientations_iPhone = "UIInterfaceOrientationPortrait UIInterfaceOrientationLandscapeLeft UIInterfaceOrientationLandscapeRight";
				LD_RUNPATH_SEARCH_PATHS = (
					"$(inherited)",
					"@executable_path/Frameworks",
				);
				MACOSX_DEPLOYMENT_TARGET = 13.0;
				MARKETING_VERSION = 1.0;
				PRODUCT_BUNDLE_IDENTIFIER = edu.stanford.spezi.bluetooth.testapplication;
				PRODUCT_NAME = "$(TARGET_NAME)";
				PROVISIONING_PROFILE_SPECIFIER = "";
				"PROVISIONING_PROFILE_SPECIFIER[sdk=macosx*]" = "Stanford Spezi Bluetooth TestApp";
				SUPPORTED_PLATFORMS = "iphoneos iphonesimulator xros xrsimulator";
				SUPPORTS_MACCATALYST = YES;
				SUPPORTS_MAC_DESIGNED_FOR_IPHONE_IPAD = YES;
				SUPPORTS_XR_DESIGNED_FOR_IPHONE_IPAD = NO;
				SWIFT_EMIT_LOC_STRINGS = YES;
				SWIFT_STRICT_CONCURRENCY = complete;
				SWIFT_VERSION = 5.0;
				TARGETED_DEVICE_FAMILY = "1,2,7";
			};
			name = Test;
		};
		2FB07589299DDB6000C0B37F /* Test */ = {
			isa = XCBuildConfiguration;
			buildSettings = {
				ALWAYS_EMBED_SWIFT_STANDARD_LIBRARIES = YES;
				"CODE_SIGN_IDENTITY[sdk=macosx*]" = "Apple Distribution";
				CODE_SIGN_STYLE = Manual;
				CURRENT_PROJECT_VERSION = 1;
				DEVELOPMENT_TEAM = "";
				"DEVELOPMENT_TEAM[sdk=macosx*]" = 637867499T;
				GENERATE_INFOPLIST_FILE = YES;
				MACOSX_DEPLOYMENT_TARGET = 13.0;
				MARKETING_VERSION = 1.0;
				PRODUCT_BUNDLE_IDENTIFIER = edu.stanford.spezi.bluetooth.testapplication;
				PRODUCT_NAME = "$(TARGET_NAME)";
				PROVISIONING_PROFILE = "";
				PROVISIONING_PROFILE_SPECIFIER = "";
				"PROVISIONING_PROFILE_SPECIFIER[sdk=macosx*]" = "Stanford Spezi Bluetooth UITests";
				SUPPORTED_PLATFORMS = "iphoneos iphonesimulator";
				SUPPORTS_MACCATALYST = YES;
				SUPPORTS_MAC_DESIGNED_FOR_IPHONE_IPAD = YES;
				SUPPORTS_XR_DESIGNED_FOR_IPHONE_IPAD = NO;
				SWIFT_EMIT_LOC_STRINGS = NO;
				SWIFT_VERSION = 5.0;
				TARGETED_DEVICE_FAMILY = "1,2";
				TEST_TARGET_NAME = TestApp;
			};
			name = Test;
		};
/* End XCBuildConfiguration section */

/* Begin XCConfigurationList section */
		2F6D138D28F5F384007C25D6 /* Build configuration list for PBXProject "UITests" */ = {
			isa = XCConfigurationList;
			buildConfigurations = (
				2F6D13B428F5F386007C25D6 /* Debug */,
				2FB07587299DDB6000C0B37F /* Test */,
				2F6D13B528F5F386007C25D6 /* Release */,
			);
			defaultConfigurationIsVisible = 0;
			defaultConfigurationName = Debug;
		};
		2F6D13B628F5F386007C25D6 /* Build configuration list for PBXNativeTarget "TestApp" */ = {
			isa = XCConfigurationList;
			buildConfigurations = (
				2F6D13B728F5F386007C25D6 /* Debug */,
				2FB07588299DDB6000C0B37F /* Test */,
				2F6D13B828F5F386007C25D6 /* Release */,
			);
			defaultConfigurationIsVisible = 0;
			defaultConfigurationName = Debug;
		};
		2F6D13BC28F5F386007C25D6 /* Build configuration list for PBXNativeTarget "TestAppUITests" */ = {
			isa = XCConfigurationList;
			buildConfigurations = (
				2F6D13BD28F5F386007C25D6 /* Debug */,
				2FB07589299DDB6000C0B37F /* Test */,
				2F6D13BE28F5F386007C25D6 /* Release */,
			);
			defaultConfigurationIsVisible = 0;
			defaultConfigurationName = Debug;
		};
/* End XCConfigurationList section */

/* Begin XCRemoteSwiftPackageReference section */
		2F64EA892A86B3DE006789D0 /* XCRemoteSwiftPackageReference "XCTestExtensions" */ = {
			isa = XCRemoteSwiftPackageReference;
			repositoryURL = "https://github.com/StanfordBDHG/XCTestExtensions.git";
			requirement = {
				kind = upToNextMinorVersion;
				minimumVersion = 0.4.6;
			};
		};
/* End XCRemoteSwiftPackageReference section */

/* Begin XCSwiftPackageProductDependency section */
		2F64EA8A2A86B3DE006789D0 /* XCTestExtensions */ = {
			isa = XCSwiftPackageProductDependency;
			package = 2F64EA892A86B3DE006789D0 /* XCRemoteSwiftPackageReference "XCTestExtensions" */;
			productName = XCTestExtensions;
		};
		A91E672D2B75A500009A1E02 /* BluetoothViews */ = {
			isa = XCSwiftPackageProductDependency;
			productName = BluetoothViews;
		};
		A92802B62B5081F200874D0A /* SpeziBluetooth */ = {
			isa = XCSwiftPackageProductDependency;
			productName = SpeziBluetooth;
		};
		A97851BE2B79E01D007BCBE3 /* BluetoothServices */ = {
			isa = XCSwiftPackageProductDependency;
			productName = BluetoothServices;
		};
		A9C17DE92B5F1EAA00976924 /* BluetoothServices */ = {
			isa = XCSwiftPackageProductDependency;
			productName = BluetoothServices;
		};
/* End XCSwiftPackageProductDependency section */
	};
	rootObject = 2F6D138A28F5F384007C25D6 /* Project object */;
}
